
Microsoft Visual Studio Solution File, Format Version 12.00
# Visual Studio Version 17
VisualStudioVersion = 17.1.32407.343
MinimumVisualStudioVersion = 10.0.40219.1
Project("{FAE04EC0-301F-11D3-BF4B-00C04F79EFBC}") = "2048", "2048\2048.csproj", "{EBA00686-6492-4E6C-A6B9-D02498A0558F}"
EndProject
Global
	GlobalSection(SolutionConfigurationPlatforms) = preSolution
		Debug|Any CPU = Debug|Any CPU
		Release|Any CPU = Release|Any CPU
	EndGlobalSection
	GlobalSection(ProjectConfigurationPlatforms) = postSolution
		{EBA00686-6492-4E6C-A6B9-D02498A0558F}.Debug|Any CPU.ActiveCfg = Debug|Any CPU
		{EBA00686-6492-4E6C-A6B9-D02498A0558F}.Debug|Any CPU.Build.0 = Debug|Any CPU
		{EBA00686-6492-4E6C-A6B9-D02498A0558F}.Release|Any CPU.ActiveCfg = Release|Any CPU
		{EBA00686-6492-4E6C-A6B9-D02498A0558F}.Release|Any CPU.Build.0 = Release|Any CPU
	EndGlobalSection
	GlobalSection(SolutionProperties) = preSolution
		HideSolutionNode = FALSE
	EndGlobalSection
	GlobalSection(ExtensibilityGlobals) = postSolution
		SolutionGuid = {7B386F7C-5C6C-4DC9-A761-6D63F167E47E}
	EndGlobalSection
EndGlobal
